// !$*UTF8*$!
{
	archiveVersion = 1;
	classes = {
	};
	objectVersion = 55;
	objects = {

/* Begin PBXBuildFile section */
		221F0BCC27C5217500507CAE /* DetailView.swift in Sources */ = {isa = PBXBuildFile; fileRef = 221F0BCB27C5217500507CAE /* DetailView.swift */; };
		221F41BF27C12F6600A5F65C /* HNReaderApp.swift in Sources */ = {isa = PBXBuildFile; fileRef = 221F41BE27C12F6600A5F65C /* HNReaderApp.swift */; };
		221F41C127C12F6600A5F65C /* ContentView.swift in Sources */ = {isa = PBXBuildFile; fileRef = 221F41C027C12F6600A5F65C /* ContentView.swift */; };
		221F41C327C12F6900A5F65C /* Assets.xcassets in Resources */ = {isa = PBXBuildFile; fileRef = 221F41C227C12F6900A5F65C /* Assets.xcassets */; };
		221F41C627C12F6900A5F65C /* Preview Assets.xcassets in Resources */ = {isa = PBXBuildFile; fileRef = 221F41C527C12F6900A5F65C /* Preview Assets.xcassets */; };
		221F41CE27C13F3400A5F65C /* NetworkManager.swift in Sources */ = {isa = PBXBuildFile; fileRef = 221F41CD27C13F3400A5F65C /* NetworkManager.swift */; };
		221F41D027C13FF600A5F65C /* PostData.swift in Sources */ = {isa = PBXBuildFile; fileRef = 221F41CF27C13FF600A5F65C /* PostData.swift */; };
/* End PBXBuildFile section */

/* Begin PBXFileReference section */
		221F0BCB27C5217500507CAE /* DetailView.swift */ = {isa = PBXFileReference; lastKnownFileType = sourcecode.swift; path = DetailView.swift; sourceTree = "<group>"; };
		221F0BCF27C52BD700507CAE /* HNReader.entitlements */ = {isa = PBXFileReference; lastKnownFileType = text.plist.entitlements; path = HNReader.entitlements; sourceTree = "<group>"; };
		221F41BB27C12F6600A5F65C /* HNReader.app */ = {isa = PBXFileReference; explicitFileType = wrapper.application; includeInIndex = 0; path = HNReader.app; sourceTree = BUILT_PRODUCTS_DIR; };
		221F41BE27C12F6600A5F65C /* HNReaderApp.swift */ = {isa = PBXFileReference; lastKnownFileType = sourcecode.swift; path = HNReaderApp.swift; sourceTree = "<group>"; };
		221F41C027C12F6600A5F65C /* ContentView.swift */ = {isa = PBXFileReference; lastKnownFileType = sourcecode.swift; path = ContentView.swift; sourceTree = "<group>"; };
		221F41C227C12F6900A5F65C /* Assets.xcassets */ = {isa = PBXFileReference; lastKnownFileType = folder.assetcatalog; path = Assets.xcassets; sourceTree = "<group>"; };
		221F41C527C12F6900A5F65C /* Preview Assets.xcassets */ = {isa = PBXFileReference; lastKnownFileType = folder.assetcatalog; path = "Preview Assets.xcassets"; sourceTree = "<group>"; };
		221F41CD27C13F3400A5F65C /* NetworkManager.swift */ = {isa = PBXFileReference; lastKnownFileType = sourcecode.swift; path = NetworkManager.swift; sourceTree = "<group>"; };
		221F41CF27C13FF600A5F65C /* PostData.swift */ = {isa = PBXFileReference; lastKnownFileType = sourcecode.swift; path = PostData.swift; sourceTree = "<group>"; };
/* End PBXFileReference section */

/* Begin PBXFrameworksBuildPhase section */
		221F41B827C12F6600A5F65C /* Frameworks */ = {
			isa = PBXFrameworksBuildPhase;
			buildActionMask = 2147483647;
			files = (
			);
			runOnlyForDeploymentPostprocessing = 0;
		};
/* End PBXFrameworksBuildPhase section */

/* Begin PBXGroup section */
		221F0BCA27C5215500507CAE /* Views */ = {
			isa = PBXGroup;
			children = (
				221F41C027C12F6600A5F65C /* ContentView.swift */,
				221F0BCB27C5217500507CAE /* DetailView.swift */,
			);
			path = Views;
			sourceTree = "<group>";
		};
		221F41B227C12F6600A5F65C = {
			isa = PBXGroup;
			children = (
				221F41BD27C12F6600A5F65C /* HNReader */,
				221F41BC27C12F6600A5F65C /* Products */,
			);
			sourceTree = "<group>";
		};
		221F41BC27C12F6600A5F65C /* Products */ = {
			isa = PBXGroup;
			children = (
				221F41BB27C12F6600A5F65C /* HNReader.app */,
			);
			name = Products;
			sourceTree = "<group>";
		};
		221F41BD27C12F6600A5F65C /* HNReader */ = {
			isa = PBXGroup;
			children = (
				221F0BCF27C52BD700507CAE /* HNReader.entitlements */,
				221F41CC27C13F1D00A5F65C /* Models */,
				221F41BE27C12F6600A5F65C /* HNReaderApp.swift */,
				221F0BCA27C5215500507CAE /* Views */,
				221F41C227C12F6900A5F65C /* Assets.xcassets */,
				221F41C427C12F6900A5F65C /* Preview Content */,
			);
			path = HNReader;
			sourceTree = "<group>";
		};
		221F41C427C12F6900A5F65C /* Preview Content */ = {
			isa = PBXGroup;
			children = (
				221F41C527C12F6900A5F65C /* Preview Assets.xcassets */,
			);
			path = "Preview Content";
			sourceTree = "<group>";
		};
		221F41CC27C13F1D00A5F65C /* Models */ = {
			isa = PBXGroup;
			children = (
				221F41CD27C13F3400A5F65C /* NetworkManager.swift */,
				221F41CF27C13FF600A5F65C /* PostData.swift */,
			);
			path = Models;
			sourceTree = "<group>";
		};
/* End PBXGroup section */

/* Begin PBXNativeTarget section */
		221F41BA27C12F6600A5F65C /* HNReader */ = {
			isa = PBXNativeTarget;
			buildConfigurationList = 221F41C927C12F6900A5F65C /* Build configuration list for PBXNativeTarget "HNReader" */;
			buildPhases = (
				221F41B727C12F6600A5F65C /* Sources */,
				221F41B827C12F6600A5F65C /* Frameworks */,
				221F41B927C12F6600A5F65C /* Resources */,
			);
			buildRules = (
			);
			dependencies = (
			);
			name = HNReader;
			productName = HNReader;
			productReference = 221F41BB27C12F6600A5F65C /* HNReader.app */;
			productType = "com.apple.product-type.application";
		};
/* End PBXNativeTarget section */

/* Begin PBXProject section */
		221F41B327C12F6600A5F65C /* Project object */ = {
			isa = PBXProject;
			attributes = {
				BuildIndependentTargetsInParallel = 1;
				LastSwiftUpdateCheck = 1320;
				LastUpgradeCheck = 1320;
				TargetAttributes = {
					221F41BA27C12F6600A5F65C = {
						CreatedOnToolsVersion = 13.2.1;
					};
				};
			};
			buildConfigurationList = 221F41B627C12F6600A5F65C /* Build configuration list for PBXProject "HNReader" */;
			compatibilityVersion = "Xcode 13.0";
			developmentRegion = en;
			hasScannedForEncodings = 0;
			knownRegions = (
				en,
				Base,
			);
			mainGroup = 221F41B227C12F6600A5F65C;
			productRefGroup = 221F41BC27C12F6600A5F65C /* Products */;
			projectDirPath = "";
			projectRoot = "";
			targets = (
				221F41BA27C12F6600A5F65C /* HNReader */,
			);
		};
/* End PBXProject section */

/* Begin PBXResourcesBuildPhase section */
		221F41B927C12F6600A5F65C /* Resources */ = {
			isa = PBXResourcesBuildPhase;
			buildActionMask = 2147483647;
			files = (
				221F41C627C12F6900A5F65C /* Preview Assets.xcassets in Resources */,
				221F41C327C12F6900A5F65C /* Assets.xcassets in Resources */,
			);
			runOnlyForDeploymentPostprocessing = 0;
		};
/* End PBXResourcesBuildPhase section */

/* Begin PBXSourcesBuildPhase section */
		221F41B727C12F6600A5F65C /* Sources */ = {
			isa = PBXSourcesBuildPhase;
			buildActionMask = 2147483647;
			files = (
				221F41CE27C13F3400A5F65C /* NetworkManager.swift in Sources */,
				221F41D027C13FF600A5F65C /* PostData.swift in Sources */,
				221F41C127C12F6600A5F65C /* ContentView.swift in Sources */,
				221F0BCC27C5217500507CAE /* DetailView.swift in Sources */,
				221F41BF27C12F6600A5F65C /* HNReaderApp.swift in Sources */,
			);
			runOnlyForDeploymentPostprocessing = 0;
		};
/* End PBXSourcesBuildPhase section */

/* Begin XCBuildConfiguration section */
		221F41C727C12F6900A5F65C /* Debug */ = {
			isa = XCBuildConfiguration;
			buildSettings = {
				ALWAYS_SEARCH_USER_PATHS = NO;
				CLANG_ANALYZER_NONNULL = YES;
				CLANG_ANALYZER_NUMBER_OBJECT_CONVERSION = YES_AGGRESSIVE;
				CLANG_CXX_LANGUAGE_STANDARD = "gnu++17";
				CLANG_CXX_LIBRARY = "libc++";
				CLANG_ENABLE_MODULES = YES;
				CLANG_ENABLE_OBJC_ARC = YES;
				CLANG_ENABLE_OBJC_WEAK = YES;
				CLANG_WARN_BLOCK_CAPTURE_AUTORELEASING = YES;
				CLANG_WARN_BOOL_CONVERSION = YES;
				CLANG_WARN_COMMA = YES;
				CLANG_WARN_CONSTANT_CONVERSION = YES;
				CLANG_WARN_DEPRECATED_OBJC_IMPLEMENTATIONS = YES;
				CLANG_WARN_DIRECT_OBJC_ISA_USAGE = YES_ERROR;
				CLANG_WARN_DOCUMENTATION_COMMENTS = YES;
				CLANG_WARN_EMPTY_BODY = YES;
				CLANG_WARN_ENUM_CONVERSION = YES;
				CLANG_WARN_INFINITE_RECURSION = YES;
				CLANG_WARN_INT_CONVERSION = YES;
				CLANG_WARN_NON_LITERAL_NULL_CONVERSION = YES;
				CLANG_WARN_OBJC_IMPLICIT_RETAIN_SELF = YES;
				CLANG_WARN_OBJC_LITERAL_CONVERSION = YES;
				CLANG_WARN_OBJC_ROOT_CLASS = YES_ERROR;
				CLANG_WARN_QUOTED_INCLUDE_IN_FRAMEWORK_HEADER = YES;
				CLANG_WARN_RANGE_LOOP_ANALYSIS = YES;
				CLANG_WARN_STRICT_PROTOTYPES = YES;
				CLANG_WARN_SUSPICIOUS_MOVE = YES;
				CLANG_WARN_UNGUARDED_AVAILABILITY = YES_AGGRESSIVE;
				CLANG_WARN_UNREACHABLE_CODE = YES;
				CLANG_WARN__DUPLICATE_METHOD_MATCH = YES;
				COPY_PHASE_STRIP = NO;
				DEBUG_INFORMATION_FORMAT = dwarf;
				ENABLE_STRICT_OBJC_MSGSEND = YES;
				ENABLE_TESTABILITY = YES;
				GCC_C_LANGUAGE_STANDARD = gnu11;
				GCC_DYNAMIC_NO_PIC = NO;
				GCC_NO_COMMON_BLOCKS = YES;
				GCC_OPTIMIZATION_LEVEL = 0;
				GCC_PREPROCESSOR_DEFINITIONS = (
					"DEBUG=1",
					"$(inherited)",
				);
				GCC_WARN_64_TO_32_BIT_CONVERSION = YES;
				GCC_WARN_ABOUT_RETURN_TYPE = YES_ERROR;
				GCC_WARN_UNDECLARED_SELECTOR = YES;
				GCC_WARN_UNINITIALIZED_AUTOS = YES_AGGRESSIVE;
				GCC_WARN_UNUSED_FUNCTION = YES;
				GCC_WARN_UNUSED_VARIABLE = YES;
				IPHONEOS_DEPLOYMENT_TARGET = 15.2;
				MTL_ENABLE_DEBUG_INFO = INCLUDE_SOURCE;
				MTL_FAST_MATH = YES;
				ONLY_ACTIVE_ARCH = YES;
				SDKROOT = iphoneos;
				SWIFT_ACTIVE_COMPILATION_CONDITIONS = DEBUG;
				SWIFT_OPTIMIZATION_LEVEL = "-Onone";
			};
			name = Debug;
		};
		221F41C827C12F6900A5F65C /* Release */ = {
			isa = XCBuildConfiguration;
			buildSettings = {
				ALWAYS_SEARCH_USER_PATHS = NO;
				CLANG_ANALYZER_NONNULL = YES;
				CLANG_ANALYZER_NUMBER_OBJECT_CONVERSION = YES_AGGRESSIVE;
				CLANG_CXX_LANGUAGE_STANDARD = "gnu++17";
				CLANG_CXX_LIBRARY = "libc++";
				CLANG_ENABLE_MODULES = YES;
				CLANG_ENABLE_OBJC_ARC = YES;
				CLANG_ENABLE_OBJC_WEAK = YES;
				CLANG_WARN_BLOCK_CAPTURE_AUTORELEASING = YES;
				CLANG_WARN_BOOL_CONVERSION = YES;
				CLANG_WARN_COMMA = YES;
				CLANG_WARN_CONSTANT_CONVERSION = YES;
				CLANG_WARN_DEPRECATED_OBJC_IMPLEMENTATIONS = YES;
				CLANG_WARN_DIRECT_OBJC_ISA_USAGE = YES_ERROR;
				CLANG_WARN_DOCUMENTATION_COMMENTS = YES;
				CLANG_WARN_EMPTY_BODY = YES;
				CLANG_WARN_ENUM_CONVERSION = YES;
				CLANG_WARN_INFINITE_RECURSION = YES;
				CLANG_WARN_INT_CONVERSION = YES;
				CLANG_WARN_NON_LITERAL_NULL_CONVERSION = YES;
				CLANG_WARN_OBJC_IMPLICIT_RETAIN_SELF = YES;
				CLANG_WARN_OBJC_LITERAL_CONVERSION = YES;
				CLANG_WARN_OBJC_ROOT_CLASS = YES_ERROR;
				CLANG_WARN_QUOTED_INCLUDE_IN_FRAMEWORK_HEADER = YES;
				CLANG_WARN_RANGE_LOOP_ANALYSIS = YES;
				CLANG_WARN_STRICT_PROTOTYPES = YES;
				CLANG_WARN_SUSPICIOUS_MOVE = YES;
				CLANG_WARN_UNGUARDED_AVAILABILITY = YES_AGGRESSIVE;
				CLANG_WARN_UNREACHABLE_CODE = YES;
				CLANG_WARN__DUPLICATE_METHOD_MATCH = YES;
				COPY_PHASE_STRIP = NO;
				DEBUG_INFORMATION_FORMAT = "dwarf-with-dsym";
				ENABLE_NS_ASSERTIONS = NO;
				ENABLE_STRICT_OBJC_MSGSEND = YES;
				GCC_C_LANGUAGE_STANDARD = gnu11;
				GCC_NO_COMMON_BLOCKS = YES;
				GCC_WARN_64_TO_32_BIT_CONVERSION = YES;
				GCC_WARN_ABOUT_RETURN_TYPE = YES_ERROR;
				GCC_WARN_UNDECLARED_SELECTOR = YES;
				GCC_WARN_UNINITIALIZED_AUTOS = YES_AGGRESSIVE;
				GCC_WARN_UNUSED_FUNCTION = YES;
				GCC_WARN_UNUSED_VARIABLE = YES;
				IPHONEOS_DEPLOYMENT_TARGET = 15.2;
				MTL_ENABLE_DEBUG_INFO = NO;
				MTL_FAST_MATH = YES;
				SDKROOT = iphoneos;
				SWIFT_COMPILATION_MODE = wholemodule;
				SWIFT_OPTIMIZATION_LEVEL = "-O";
				VALIDATE_PRODUCT = YES;
			};
			name = Release;
		};
		221F41CA27C12F6900A5F65C /* Debug */ = {
			isa = XCBuildConfiguration;
			buildSettings = {
				ASSETCATALOG_COMPILER_APPICON_NAME = AppIcon;
				ASSETCATALOG_COMPILER_GLOBAL_ACCENT_COLOR_NAME = AccentColor;
				CODE_SIGN_ENTITLEMENTS = HNReader/HNReader.entitlements;
				"CODE_SIGN_IDENTITY[sdk=macosx*]" = "Apple Development";
				CODE_SIGN_STYLE = Automatic;
				CURRENT_PROJECT_VERSION = 1;
				DEVELOPMENT_ASSET_PATHS = "\"HNReader/Preview Content\"";
				DEVELOPMENT_TEAM = XGM98P9V33;
				ENABLE_PREVIEWS = YES;
				GENERATE_INFOPLIST_FILE = YES;
				INFOPLIST_KEY_UIApplicationSceneManifest_Generation = YES;
				INFOPLIST_KEY_UIApplicationSupportsIndirectInputEvents = YES;
				INFOPLIST_KEY_UILaunchScreen_Generation = YES;
				INFOPLIST_KEY_UISupportedInterfaceOrientations_iPad = "UIInterfaceOrientationPortrait UIInterfaceOrientationPortraitUpsideDown UIInterfaceOrientationLandscapeLeft UIInterfaceOrientationLandscapeRight";
				INFOPLIST_KEY_UISupportedInterfaceOrientations_iPhone = "UIInterfaceOrientationPortrait UIInterfaceOrientationLandscapeLeft UIInterfaceOrientationLandscapeRight";
				LD_RUNPATH_SEARCH_PATHS = (
					"$(inherited)",
					"@executable_path/Frameworks",
				);
				MARKETING_VERSION = 1.0;
				PRODUCT_BUNDLE_IDENTIFIER = com.bennerbr.HNReader;
				PRODUCT_NAME = "$(TARGET_NAME)";
				SUPPORTS_MACCATALYST = YES;
				SWIFT_EMIT_LOC_STRINGS = YES;
				SWIFT_VERSION = 5.0;
				TARGETED_DEVICE_FAMILY = "1,2";
			};
			name = Debug;
		};
		221F41CB27C12F6900A5F65C /* Release */ = {
			isa = XCBuildConfiguration;
			buildSettings = {
				ASSETCATALOG_COMPILER_APPICON_NAME = AppIcon;
				ASSETCATALOG_COMPILER_GLOBAL_ACCENT_COLOR_NAME = AccentColor;
				CODE_SIGN_ENTITLEMENTS = HNReader/HNReader.entitlements;
				"CODE_SIGN_IDENTITY[sdk=macosx*]" = "Apple Development";
				CODE_SIGN_STYLE = Automatic;
				CURRENT_PROJECT_VERSION = 1;
				DEVELOPMENT_ASSET_PATHS = "\"HNReader/Preview Content\"";
				DEVELOPMENT_TEAM = XGM98P9V33;
				ENABLE_PREVIEWS = YES;
				GENERATE_INFOPLIST_FILE = YES;
				INFOPLIST_KEY_UIApplicationSceneManifest_Generation = YES;
				INFOPLIST_KEY_UIApplicationSupportsIndirectInputEvents = YES;
				INFOPLIST_KEY_UILaunchScreen_Generation = YES;
				INFOPLIST_KEY_UISupportedInterfaceOrientations_iPad = "UIInterfaceOrientationPortrait UIInterfaceOrientationPortraitUpsideDown UIInterfaceOrientationLandscapeLeft UIInterfaceOrientationLandscapeRight";
				INFOPLIST_KEY_UISupportedInterfaceOrientations_iPhone = "UIInterfaceOrientationPortrait UIInterfaceOrientationLandscapeLeft UIInterfaceOrientationLandscapeRight";
				LD_RUNPATH_SEARCH_PATHS = (
					"$(inherited)",
					"@executable_path/Frameworks",
				);
				MARKETING_VERSION = 1.0;
				PRODUCT_BUNDLE_IDENTIFIER = com.bennerbr.HNReader;
				PRODUCT_NAME = "$(TARGET_NAME)";
				SUPPORTS_MACCATALYST = YES;
				SWIFT_EMIT_LOC_STRINGS = YES;
				SWIFT_VERSION = 5.0;
				TARGETED_DEVICE_FAMILY = "1,2";
			};
			name = Release;
		};
/* End XCBuildConfiguration section */

/* Begin XCConfigurationList section */
		221F41B627C12F6600A5F65C /* Build configuration list for PBXProject "HNReader" */ = {
			isa = XCConfigurationList;
			buildConfigurations = (
				221F41C727C12F6900A5F65C /* Debug */,
				221F41C827C12F6900A5F65C /* Release */,
			);
			defaultConfigurationIsVisible = 0;
			defaultConfigurationName = Release;
		};
		221F41C927C12F6900A5F65C /* Build configuration list for PBXNativeTarget "HNReader" */ = {
			isa = XCConfigurationList;
			buildConfigurations = (
				221F41CA27C12F6900A5F65C /* Debug */,
				221F41CB27C12F6900A5F65C /* Release */,
			);
			defaultConfigurationIsVisible = 0;
			defaultConfigurationName = Release;
		};
/* End XCConfigurationList section */
	};
	rootObject = 221F41B327C12F6600A5F65C /* Project object */;
}
